// !$*UTF8*$!
{
	archiveVersion = 1;
	classes = {
	};
	objectVersion = 56;
	objects = {

/* Begin PBXBuildFile section */
		94CD5A502BD2E82300B191D9 /* Trending_repoApp.swift in Sources */ = {isa = PBXBuildFile; fileRef = 94CD5A4F2BD2E82300B191D9 /* Trending_repoApp.swift */; };
		94CD5A522BD2E82300B191D9 /* ContentView.swift in Sources */ = {isa = PBXBuildFile; fileRef = 94CD5A512BD2E82300B191D9 /* ContentView.swift */; };
		94CD5A542BD2E82400B191D9 /* Assets.xcassets in Resources */ = {isa = PBXBuildFile; fileRef = 94CD5A532BD2E82400B191D9 /* Assets.xcassets */; };
		94CD5A582BD2E82400B191D9 /* Preview Assets.xcassets in Resources */ = {isa = PBXBuildFile; fileRef = 94CD5A572BD2E82400B191D9 /* Preview Assets.xcassets */; };
		94CD5A622BD2E82500B191D9 /* Trending_repoTests.swift in Sources */ = {isa = PBXBuildFile; fileRef = 94CD5A612BD2E82500B191D9 /* Trending_repoTests.swift */; };
		94CD5A6C2BD2E82500B191D9 /* Trending_repoUITests.swift in Sources */ = {isa = PBXBuildFile; fileRef = 94CD5A6B2BD2E82500B191D9 /* Trending_repoUITests.swift */; };
		94CD5A6E2BD2E82500B191D9 /* Trending_repoUITestsLaunchTests.swift in Sources */ = {isa = PBXBuildFile; fileRef = 94CD5A6D2BD2E82500B191D9 /* Trending_repoUITestsLaunchTests.swift */; };
		94CD5A7E2BD7036600B191D9 /* APIClient.swift in Sources */ = {isa = PBXBuildFile; fileRef = 94CD5A7D2BD7036600B191D9 /* APIClient.swift */; };
		94CD5A802BD7039900B191D9 /* APIConstants.swift in Sources */ = {isa = PBXBuildFile; fileRef = 94CD5A7F2BD7039900B191D9 /* APIConstants.swift */; };
		94CD5A822BD703CD00B191D9 /* APIRouter.swift in Sources */ = {isa = PBXBuildFile; fileRef = 94CD5A812BD703CD00B191D9 /* APIRouter.swift */; };
		94CD5A852BD7042200B191D9 /* Log.swift in Sources */ = {isa = PBXBuildFile; fileRef = 94CD5A842BD7042200B191D9 /* Log.swift */; };
		94CD5A882BD704AE00B191D9 /* URLExtension.swift in Sources */ = {isa = PBXBuildFile; fileRef = 94CD5A872BD704AE00B191D9 /* URLExtension.swift */; };
		94CD5A8A2BD70BA400B191D9 /* RepositoriesModel.swift in Sources */ = {isa = PBXBuildFile; fileRef = 94CD5A892BD70BA400B191D9 /* RepositoriesModel.swift */; };
		94CD5A8F2BD718C100B191D9 /* APIParameters.swift in Sources */ = {isa = PBXBuildFile; fileRef = 94CD5A8E2BD718C100B191D9 /* APIParameters.swift */; };
		94CD5A912BD7193D00B191D9 /* RepositoriesViewModel.swift in Sources */ = {isa = PBXBuildFile; fileRef = 94CD5A902BD7193D00B191D9 /* RepositoriesViewModel.swift */; };
		94CD5A932BD71FAF00B191D9 /* RepositorieView.swift in Sources */ = {isa = PBXBuildFile; fileRef = 94CD5A922BD71FAF00B191D9 /* RepositorieView.swift */; };
		94CD5A962BD7267400B191D9 /* ImageLoaderView.swift in Sources */ = {isa = PBXBuildFile; fileRef = 94CD5A952BD7267400B191D9 /* ImageLoaderView.swift */; };
		94CD5A9A2BD726FA00B191D9 /* SDWebImageSwiftUI in Frameworks */ = {isa = PBXBuildFile; productRef = 94CD5A992BD726FA00B191D9 /* SDWebImageSwiftUI */; };
		94CD5A9D2BD7296300B191D9 /* RepositorieTrendCell.swift in Sources */ = {isa = PBXBuildFile; fileRef = 94CD5A9C2BD7296300B191D9 /* RepositorieTrendCell.swift */; };
/* End PBXBuildFile section */

/* Begin PBXContainerItemProxy section */
		94CD5A5E2BD2E82500B191D9 /* PBXContainerItemProxy */ = {
			isa = PBXContainerItemProxy;
			containerPortal = 94CD5A442BD2E82300B191D9 /* Project object */;
			proxyType = 1;
			remoteGlobalIDString = 94CD5A4B2BD2E82300B191D9;
			remoteInfo = "Trending repo";
		};
		94CD5A682BD2E82500B191D9 /* PBXContainerItemProxy */ = {
			isa = PBXContainerItemProxy;
			containerPortal = 94CD5A442BD2E82300B191D9 /* Project object */;
			proxyType = 1;
			remoteGlobalIDString = 94CD5A4B2BD2E82300B191D9;
			remoteInfo = "Trending repo";
		};
/* End PBXContainerItemProxy section */

/* Begin PBXFileReference section */
		94CD5A4C2BD2E82300B191D9 /* Trending repo.app */ = {isa = PBXFileReference; explicitFileType = wrapper.application; includeInIndex = 0; path = "Trending repo.app"; sourceTree = BUILT_PRODUCTS_DIR; };
		94CD5A4F2BD2E82300B191D9 /* Trending_repoApp.swift */ = {isa = PBXFileReference; lastKnownFileType = sourcecode.swift; path = Trending_repoApp.swift; sourceTree = "<group>"; };
		94CD5A512BD2E82300B191D9 /* ContentView.swift */ = {isa = PBXFileReference; lastKnownFileType = sourcecode.swift; path = ContentView.swift; sourceTree = "<group>"; };
		94CD5A532BD2E82400B191D9 /* Assets.xcassets */ = {isa = PBXFileReference; lastKnownFileType = folder.assetcatalog; path = Assets.xcassets; sourceTree = "<group>"; };
		94CD5A552BD2E82400B191D9 /* Trending_repo.entitlements */ = {isa = PBXFileReference; lastKnownFileType = text.plist.entitlements; path = Trending_repo.entitlements; sourceTree = "<group>"; };
		94CD5A572BD2E82400B191D9 /* Preview Assets.xcassets */ = {isa = PBXFileReference; lastKnownFileType = folder.assetcatalog; path = "Preview Assets.xcassets"; sourceTree = "<group>"; };
		94CD5A5D2BD2E82500B191D9 /* Trending repoTests.xctest */ = {isa = PBXFileReference; explicitFileType = wrapper.cfbundle; includeInIndex = 0; path = "Trending repoTests.xctest"; sourceTree = BUILT_PRODUCTS_DIR; };
		94CD5A612BD2E82500B191D9 /* Trending_repoTests.swift */ = {isa = PBXFileReference; lastKnownFileType = sourcecode.swift; path = Trending_repoTests.swift; sourceTree = "<group>"; };
		94CD5A672BD2E82500B191D9 /* Trending repoUITests.xctest */ = {isa = PBXFileReference; explicitFileType = wrapper.cfbundle; includeInIndex = 0; path = "Trending repoUITests.xctest"; sourceTree = BUILT_PRODUCTS_DIR; };
		94CD5A6B2BD2E82500B191D9 /* Trending_repoUITests.swift */ = {isa = PBXFileReference; lastKnownFileType = sourcecode.swift; path = Trending_repoUITests.swift; sourceTree = "<group>"; };
		94CD5A6D2BD2E82500B191D9 /* Trending_repoUITestsLaunchTests.swift */ = {isa = PBXFileReference; lastKnownFileType = sourcecode.swift; path = Trending_repoUITestsLaunchTests.swift; sourceTree = "<group>"; };
		94CD5A7D2BD7036600B191D9 /* APIClient.swift */ = {isa = PBXFileReference; lastKnownFileType = sourcecode.swift; path = APIClient.swift; sourceTree = "<group>"; };
		94CD5A7F2BD7039900B191D9 /* APIConstants.swift */ = {isa = PBXFileReference; lastKnownFileType = sourcecode.swift; path = APIConstants.swift; sourceTree = "<group>"; };
		94CD5A812BD703CD00B191D9 /* APIRouter.swift */ = {isa = PBXFileReference; lastKnownFileType = sourcecode.swift; path = APIRouter.swift; sourceTree = "<group>"; };
		94CD5A842BD7042200B191D9 /* Log.swift */ = {isa = PBXFileReference; lastKnownFileType = sourcecode.swift; path = Log.swift; sourceTree = "<group>"; };
		94CD5A872BD704AE00B191D9 /* URLExtension.swift */ = {isa = PBXFileReference; lastKnownFileType = sourcecode.swift; path = URLExtension.swift; sourceTree = "<group>"; };
		94CD5A892BD70BA400B191D9 /* RepositoriesModel.swift */ = {isa = PBXFileReference; lastKnownFileType = sourcecode.swift; path = RepositoriesModel.swift; sourceTree = "<group>"; };
		94CD5A8E2BD718C100B191D9 /* APIParameters.swift */ = {isa = PBXFileReference; lastKnownFileType = sourcecode.swift; path = APIParameters.swift; sourceTree = "<group>"; };
		94CD5A902BD7193D00B191D9 /* RepositoriesViewModel.swift */ = {isa = PBXFileReference; lastKnownFileType = sourcecode.swift; path = RepositoriesViewModel.swift; sourceTree = "<group>"; };
		94CD5A922BD71FAF00B191D9 /* RepositorieView.swift */ = {isa = PBXFileReference; lastKnownFileType = sourcecode.swift; path = RepositorieView.swift; sourceTree = "<group>"; };
		94CD5A952BD7267400B191D9 /* ImageLoaderView.swift */ = {isa = PBXFileReference; lastKnownFileType = sourcecode.swift; path = ImageLoaderView.swift; sourceTree = "<group>"; };
		94CD5A9C2BD7296300B191D9 /* RepositorieTrendCell.swift */ = {isa = PBXFileReference; lastKnownFileType = sourcecode.swift; path = RepositorieTrendCell.swift; sourceTree = "<group>"; };
/* End PBXFileReference section */

/* Begin PBXFrameworksBuildPhase section */
		94CD5A492BD2E82300B191D9 /* Frameworks */ = {
			isa = PBXFrameworksBuildPhase;
			buildActionMask = 2147483647;
			files = (
				94CD5A9A2BD726FA00B191D9 /* SDWebImageSwiftUI in Frameworks */,
			);
			runOnlyForDeploymentPostprocessing = 0;
		};
		94CD5A5A2BD2E82500B191D9 /* Frameworks */ = {
			isa = PBXFrameworksBuildPhase;
			buildActionMask = 2147483647;
			files = (
			);
			runOnlyForDeploymentPostprocessing = 0;
		};
		94CD5A642BD2E82500B191D9 /* Frameworks */ = {
			isa = PBXFrameworksBuildPhase;
			buildActionMask = 2147483647;
			files = (
			);
			runOnlyForDeploymentPostprocessing = 0;
		};
/* End PBXFrameworksBuildPhase section */

/* Begin PBXGroup section */
		94CD5A432BD2E82300B191D9 = {
			isa = PBXGroup;
			children = (
				94CD5A4E2BD2E82300B191D9 /* Trending repo */,
				94CD5A602BD2E82500B191D9 /* Trending repoTests */,
				94CD5A6A2BD2E82500B191D9 /* Trending repoUITests */,
				94CD5A4D2BD2E82300B191D9 /* Products */,
				94CD5A982BD726FA00B191D9 /* Frameworks */,
			);
			sourceTree = "<group>";
		};
		94CD5A4D2BD2E82300B191D9 /* Products */ = {
			isa = PBXGroup;
			children = (
				94CD5A4C2BD2E82300B191D9 /* Trending repo.app */,
				94CD5A5D2BD2E82500B191D9 /* Trending repoTests.xctest */,
				94CD5A672BD2E82500B191D9 /* Trending repoUITests.xctest */,
			);
			name = Products;
			sourceTree = "<group>";
		};
		94CD5A4E2BD2E82300B191D9 /* Trending repo */ = {
			isa = PBXGroup;
			children = (
				94CD5A862BD7048400B191D9 /* Extensions */,
				94CD5A832BD7041400B191D9 /* Utilities */,
				94CD5A7C2BD7034C00B191D9 /* Model */,
				94CD5A7B2BD7033A00B191D9 /* Views */,
				94CD5A7A2BD702D600B191D9 /* Networking */,
				94CD5A512BD2E82300B191D9 /* ContentView.swift */,
				94CD5A4F2BD2E82300B191D9 /* Trending_repoApp.swift */,
				94CD5A532BD2E82400B191D9 /* Assets.xcassets */,
				94CD5A552BD2E82400B191D9 /* Trending_repo.entitlements */,
				94CD5A562BD2E82400B191D9 /* Preview Content */,
			);
			path = "Trending repo";
			sourceTree = "<group>";
		};
		94CD5A562BD2E82400B191D9 /* Preview Content */ = {
			isa = PBXGroup;
			children = (
				94CD5A572BD2E82400B191D9 /* Preview Assets.xcassets */,
			);
			path = "Preview Content";
			sourceTree = "<group>";
		};
		94CD5A602BD2E82500B191D9 /* Trending repoTests */ = {
			isa = PBXGroup;
			children = (
				94CD5A612BD2E82500B191D9 /* Trending_repoTests.swift */,
			);
			path = "Trending repoTests";
			sourceTree = "<group>";
		};
		94CD5A6A2BD2E82500B191D9 /* Trending repoUITests */ = {
			isa = PBXGroup;
			children = (
				94CD5A6B2BD2E82500B191D9 /* Trending_repoUITests.swift */,
				94CD5A6D2BD2E82500B191D9 /* Trending_repoUITestsLaunchTests.swift */,
			);
			path = "Trending repoUITests";
			sourceTree = "<group>";
		};
		94CD5A7A2BD702D600B191D9 /* Networking */ = {
			isa = PBXGroup;
			children = (
				94CD5A7D2BD7036600B191D9 /* APIClient.swift */,
				94CD5A7F2BD7039900B191D9 /* APIConstants.swift */,
				94CD5A812BD703CD00B191D9 /* APIRouter.swift */,
				94CD5A8E2BD718C100B191D9 /* APIParameters.swift */,
			);
			path = Networking;
			sourceTree = "<group>";
		};
		94CD5A7B2BD7033A00B191D9 /* Views */ = {
			isa = PBXGroup;
			children = (
				94CD5A9B2BD7294B00B191D9 /* Components */,
				94CD5A902BD7193D00B191D9 /* RepositoriesViewModel.swift */,
				94CD5A922BD71FAF00B191D9 /* RepositorieView.swift */,
			);
			path = Views;
			sourceTree = "<group>";
		};
		94CD5A7C2BD7034C00B191D9 /* Model */ = {
			isa = PBXGroup;
			children = (
				94CD5A892BD70BA400B191D9 /* RepositoriesModel.swift */,
			);
			path = Model;
			sourceTree = "<group>";
		};
		94CD5A832BD7041400B191D9 /* Utilities */ = {
			isa = PBXGroup;
			children = (
				94CD5A942BD7266000B191D9 /* Shared */,
				94CD5A842BD7042200B191D9 /* Log.swift */,
			);
			path = Utilities;
			sourceTree = "<group>";
		};
		94CD5A862BD7048400B191D9 /* Extensions */ = {
			isa = PBXGroup;
			children = (
				94CD5A872BD704AE00B191D9 /* URLExtension.swift */,
			);
			path = Extensions;
			sourceTree = "<group>";
		};
		94CD5A942BD7266000B191D9 /* Shared */ = {
			isa = PBXGroup;
			children = (
				94CD5A952BD7267400B191D9 /* ImageLoaderView.swift */,
			);
			path = Shared;
			sourceTree = "<group>";
		};
		94CD5A982BD726FA00B191D9 /* Frameworks */ = {
			isa = PBXGroup;
			children = (
			);
			name = Frameworks;
			sourceTree = "<group>";
		};
		94CD5A9B2BD7294B00B191D9 /* Components */ = {
			isa = PBXGroup;
			children = (
				94CD5A9C2BD7296300B191D9 /* RepositorieTrendCell.swift */,
			);
			path = Components;
			sourceTree = "<group>";
		};
/* End PBXGroup section */

/* Begin PBXNativeTarget section */
		94CD5A4B2BD2E82300B191D9 /* Trending repo */ = {
			isa = PBXNativeTarget;
			buildConfigurationList = 94CD5A712BD2E82500B191D9 /* Build configuration list for PBXNativeTarget "Trending repo" */;
			buildPhases = (
				94CD5A482BD2E82300B191D9 /* Sources */,
				94CD5A492BD2E82300B191D9 /* Frameworks */,
				94CD5A4A2BD2E82300B191D9 /* Resources */,
			);
			buildRules = (
			);
			dependencies = (
			);
			name = "Trending repo";
			packageProductDependencies = (
				94CD5A992BD726FA00B191D9 /* SDWebImageSwiftUI */,
			);
			productName = "Trending repo";
			productReference = 94CD5A4C2BD2E82300B191D9 /* Trending repo.app */;
			productType = "com.apple.product-type.application";
		};
		94CD5A5C2BD2E82500B191D9 /* Trending repoTests */ = {
			isa = PBXNativeTarget;
			buildConfigurationList = 94CD5A742BD2E82500B191D9 /* Build configuration list for PBXNativeTarget "Trending repoTests" */;
			buildPhases = (
				94CD5A592BD2E82500B191D9 /* Sources */,
				94CD5A5A2BD2E82500B191D9 /* Frameworks */,
				94CD5A5B2BD2E82500B191D9 /* Resources */,
			);
			buildRules = (
			);
			dependencies = (
				94CD5A5F2BD2E82500B191D9 /* PBXTargetDependency */,
			);
			name = "Trending repoTests";
			productName = "Trending repoTests";
			productReference = 94CD5A5D2BD2E82500B191D9 /* Trending repoTests.xctest */;
			productType = "com.apple.product-type.bundle.unit-test";
		};
		94CD5A662BD2E82500B191D9 /* Trending repoUITests */ = {
			isa = PBXNativeTarget;
			buildConfigurationList = 94CD5A772BD2E82500B191D9 /* Build configuration list for PBXNativeTarget "Trending repoUITests" */;
			buildPhases = (
				94CD5A632BD2E82500B191D9 /* Sources */,
				94CD5A642BD2E82500B191D9 /* Frameworks */,
				94CD5A652BD2E82500B191D9 /* Resources */,
			);
			buildRules = (
			);
			dependencies = (
				94CD5A692BD2E82500B191D9 /* PBXTargetDependency */,
			);
			name = "Trending repoUITests";
			productName = "Trending repoUITests";
			productReference = 94CD5A672BD2E82500B191D9 /* Trending repoUITests.xctest */;
			productType = "com.apple.product-type.bundle.ui-testing";
		};
/* End PBXNativeTarget section */

/* Begin PBXProject section */
		94CD5A442BD2E82300B191D9 /* Project object */ = {
			isa = PBXProject;
			attributes = {
				BuildIndependentTargetsInParallel = 1;
				LastSwiftUpdateCheck = 1530;
				LastUpgradeCheck = 1530;
				TargetAttributes = {
					94CD5A4B2BD2E82300B191D9 = {
						CreatedOnToolsVersion = 15.3;
					};
					94CD5A5C2BD2E82500B191D9 = {
						CreatedOnToolsVersion = 15.3;
						TestTargetID = 94CD5A4B2BD2E82300B191D9;
					};
					94CD5A662BD2E82500B191D9 = {
						CreatedOnToolsVersion = 15.3;
						TestTargetID = 94CD5A4B2BD2E82300B191D9;
					};
				};
			};
			buildConfigurationList = 94CD5A472BD2E82300B191D9 /* Build configuration list for PBXProject "Trending repo" */;
			compatibilityVersion = "Xcode 14.0";
			developmentRegion = en;
			hasScannedForEncodings = 0;
			knownRegions = (
				en,
				Base,
			);
			mainGroup = 94CD5A432BD2E82300B191D9;
			packageReferences = (
				94CD5A972BD726D900B191D9 /* XCRemoteSwiftPackageReference "SDWebImageSwiftUI" */,
			);
			productRefGroup = 94CD5A4D2BD2E82300B191D9 /* Products */;
			projectDirPath = "";
			projectRoot = "";
			targets = (
				94CD5A4B2BD2E82300B191D9 /* Trending repo */,
				94CD5A5C2BD2E82500B191D9 /* Trending repoTests */,
				94CD5A662BD2E82500B191D9 /* Trending repoUITests */,
			);
		};
/* End PBXProject section */

/* Begin PBXResourcesBuildPhase section */
		94CD5A4A2BD2E82300B191D9 /* Resources */ = {
			isa = PBXResourcesBuildPhase;
			buildActionMask = 2147483647;
			files = (
				94CD5A582BD2E82400B191D9 /* Preview Assets.xcassets in Resources */,
				94CD5A542BD2E82400B191D9 /* Assets.xcassets in Resources */,
			);
			runOnlyForDeploymentPostprocessing = 0;
		};
		94CD5A5B2BD2E82500B191D9 /* Resources */ = {
			isa = PBXResourcesBuildPhase;
			buildActionMask = 2147483647;
			files = (
			);
			runOnlyForDeploymentPostprocessing = 0;
		};
		94CD5A652BD2E82500B191D9 /* Resources */ = {
			isa = PBXResourcesBuildPhase;
			buildActionMask = 2147483647;
			files = (
			);
			runOnlyForDeploymentPostprocessing = 0;
		};
/* End PBXResourcesBuildPhase section */

/* Begin PBXSourcesBuildPhase section */
		94CD5A482BD2E82300B191D9 /* Sources */ = {
			isa = PBXSourcesBuildPhase;
			buildActionMask = 2147483647;
			files = (
				94CD5A802BD7039900B191D9 /* APIConstants.swift in Sources */,
				94CD5A882BD704AE00B191D9 /* URLExtension.swift in Sources */,
				94CD5A822BD703CD00B191D9 /* APIRouter.swift in Sources */,
				94CD5A8A2BD70BA400B191D9 /* RepositoriesModel.swift in Sources */,
				94CD5A852BD7042200B191D9 /* Log.swift in Sources */,
				94CD5A932BD71FAF00B191D9 /* RepositorieView.swift in Sources */,
				94CD5A522BD2E82300B191D9 /* ContentView.swift in Sources */,
				94CD5A8F2BD718C100B191D9 /* APIParameters.swift in Sources */,
				94CD5A502BD2E82300B191D9 /* Trending_repoApp.swift in Sources */,
				94CD5A962BD7267400B191D9 /* ImageLoaderView.swift in Sources */,
				94CD5A9D2BD7296300B191D9 /* RepositorieTrendCell.swift in Sources */,
				94CD5A912BD7193D00B191D9 /* RepositoriesViewModel.swift in Sources */,
				94CD5A7E2BD7036600B191D9 /* APIClient.swift in Sources */,
			);
			runOnlyForDeploymentPostprocessing = 0;
		};
		94CD5A592BD2E82500B191D9 /* Sources */ = {
			isa = PBXSourcesBuildPhase;
			buildActionMask = 2147483647;
			files = (
				94CD5A622BD2E82500B191D9 /* Trending_repoTests.swift in Sources */,
			);
			runOnlyForDeploymentPostprocessing = 0;
		};
		94CD5A632BD2E82500B191D9 /* Sources */ = {
			isa = PBXSourcesBuildPhase;
			buildActionMask = 2147483647;
			files = (
				94CD5A6C2BD2E82500B191D9 /* Trending_repoUITests.swift in Sources */,
				94CD5A6E2BD2E82500B191D9 /* Trending_repoUITestsLaunchTests.swift in Sources */,
			);
			runOnlyForDeploymentPostprocessing = 0;
		};
/* End PBXSourcesBuildPhase section */

/* Begin PBXTargetDependency section */
		94CD5A5F2BD2E82500B191D9 /* PBXTargetDependency */ = {
			isa = PBXTargetDependency;
			target = 94CD5A4B2BD2E82300B191D9 /* Trending repo */;
			targetProxy = 94CD5A5E2BD2E82500B191D9 /* PBXContainerItemProxy */;
		};
		94CD5A692BD2E82500B191D9 /* PBXTargetDependency */ = {
			isa = PBXTargetDependency;
			target = 94CD5A4B2BD2E82300B191D9 /* Trending repo */;
			targetProxy = 94CD5A682BD2E82500B191D9 /* PBXContainerItemProxy */;
		};
/* End PBXTargetDependency section */

/* Begin XCBuildConfiguration section */
		94CD5A6F2BD2E82500B191D9 /* Debug */ = {
			isa = XCBuildConfiguration;
			buildSettings = {
				ALWAYS_SEARCH_USER_PATHS = NO;
				ASSETCATALOG_COMPILER_GENERATE_SWIFT_ASSET_SYMBOL_EXTENSIONS = YES;
				CLANG_ANALYZER_NONNULL = YES;
				CLANG_ANALYZER_NUMBER_OBJECT_CONVERSION = YES_AGGRESSIVE;
				CLANG_CXX_LANGUAGE_STANDARD = "gnu++20";
				CLANG_ENABLE_MODULES = YES;
				CLANG_ENABLE_OBJC_ARC = YES;
				CLANG_ENABLE_OBJC_WEAK = YES;
				CLANG_WARN_BLOCK_CAPTURE_AUTORELEASING = YES;
				CLANG_WARN_BOOL_CONVERSION = YES;
				CLANG_WARN_COMMA = YES;
				CLANG_WARN_CONSTANT_CONVERSION = YES;
				CLANG_WARN_DEPRECATED_OBJC_IMPLEMENTATIONS = YES;
				CLANG_WARN_DIRECT_OBJC_ISA_USAGE = YES_ERROR;
				CLANG_WARN_DOCUMENTATION_COMMENTS = YES;
				CLANG_WARN_EMPTY_BODY = YES;
				CLANG_WARN_ENUM_CONVERSION = YES;
				CLANG_WARN_INFINITE_RECURSION = YES;
				CLANG_WARN_INT_CONVERSION = YES;
				CLANG_WARN_NON_LITERAL_NULL_CONVERSION = YES;
				CLANG_WARN_OBJC_IMPLICIT_RETAIN_SELF = YES;
				CLANG_WARN_OBJC_LITERAL_CONVERSION = YES;
				CLANG_WARN_OBJC_ROOT_CLASS = YES_ERROR;
				CLANG_WARN_QUOTED_INCLUDE_IN_FRAMEWORK_HEADER = YES;
				CLANG_WARN_RANGE_LOOP_ANALYSIS = YES;
				CLANG_WARN_STRICT_PROTOTYPES = YES;
				CLANG_WARN_SUSPICIOUS_MOVE = YES;
				CLANG_WARN_UNGUARDED_AVAILABILITY = YES_AGGRESSIVE;
				CLANG_WARN_UNREACHABLE_CODE = YES;
				CLANG_WARN__DUPLICATE_METHOD_MATCH = YES;
				COPY_PHASE_STRIP = NO;
				DEBUG_INFORMATION_FORMAT = dwarf;
				ENABLE_STRICT_OBJC_MSGSEND = YES;
				ENABLE_TESTABILITY = YES;
				ENABLE_USER_SCRIPT_SANDBOXING = YES;
				GCC_C_LANGUAGE_STANDARD = gnu17;
				GCC_DYNAMIC_NO_PIC = NO;
				GCC_NO_COMMON_BLOCKS = YES;
				GCC_OPTIMIZATION_LEVEL = 0;
				GCC_PREPROCESSOR_DEFINITIONS = (
					"DEBUG=1",
					"$(inherited)",
				);
				GCC_WARN_64_TO_32_BIT_CONVERSION = YES;
				GCC_WARN_ABOUT_RETURN_TYPE = YES_ERROR;
				GCC_WARN_UNDECLARED_SELECTOR = YES;
				GCC_WARN_UNINITIALIZED_AUTOS = YES_AGGRESSIVE;
				GCC_WARN_UNUSED_FUNCTION = YES;
				GCC_WARN_UNUSED_VARIABLE = YES;
				LOCALIZATION_PREFERS_STRING_CATALOGS = YES;
				MTL_ENABLE_DEBUG_INFO = INCLUDE_SOURCE;
				MTL_FAST_MATH = YES;
				ONLY_ACTIVE_ARCH = YES;
				SWIFT_ACTIVE_COMPILATION_CONDITIONS = "DEBUG $(inherited)";
				SWIFT_OPTIMIZATION_LEVEL = "-Onone";
			};
			name = Debug;
		};
		94CD5A702BD2E82500B191D9 /* Release */ = {
			isa = XCBuildConfiguration;
			buildSettings = {
				ALWAYS_SEARCH_USER_PATHS = NO;
				ASSETCATALOG_COMPILER_GENERATE_SWIFT_ASSET_SYMBOL_EXTENSIONS = YES;
				CLANG_ANALYZER_NONNULL = YES;
				CLANG_ANALYZER_NUMBER_OBJECT_CONVERSION = YES_AGGRESSIVE;
				CLANG_CXX_LANGUAGE_STANDARD = "gnu++20";
				CLANG_ENABLE_MODULES = YES;
				CLANG_ENABLE_OBJC_ARC = YES;
				CLANG_ENABLE_OBJC_WEAK = YES;
				CLANG_WARN_BLOCK_CAPTURE_AUTORELEASING = YES;
				CLANG_WARN_BOOL_CONVERSION = YES;
				CLANG_WARN_COMMA = YES;
				CLANG_WARN_CONSTANT_CONVERSION = YES;
				CLANG_WARN_DEPRECATED_OBJC_IMPLEMENTATIONS = YES;
				CLANG_WARN_DIRECT_OBJC_ISA_USAGE = YES_ERROR;
				CLANG_WARN_DOCUMENTATION_COMMENTS = YES;
				CLANG_WARN_EMPTY_BODY = YES;
				CLANG_WARN_ENUM_CONVERSION = YES;
				CLANG_WARN_INFINITE_RECURSION = YES;
				CLANG_WARN_INT_CONVERSION = YES;
				CLANG_WARN_NON_LITERAL_NULL_CONVERSION = YES;
				CLANG_WARN_OBJC_IMPLICIT_RETAIN_SELF = YES;
				CLANG_WARN_OBJC_LITERAL_CONVERSION = YES;
				CLANG_WARN_OBJC_ROOT_CLASS = YES_ERROR;
				CLANG_WARN_QUOTED_INCLUDE_IN_FRAMEWORK_HEADER = YES;
				CLANG_WARN_RANGE_LOOP_ANALYSIS = YES;
				CLANG_WARN_STRICT_PROTOTYPES = YES;
				CLANG_WARN_SUSPICIOUS_MOVE = YES;
				CLANG_WARN_UNGUARDED_AVAILABILITY = YES_AGGRESSIVE;
				CLANG_WARN_UNREACHABLE_CODE = YES;
				CLANG_WARN__DUPLICATE_METHOD_MATCH = YES;
				COPY_PHASE_STRIP = NO;
				DEBUG_INFORMATION_FORMAT = "dwarf-with-dsym";
				ENABLE_NS_ASSERTIONS = NO;
				ENABLE_STRICT_OBJC_MSGSEND = YES;
				ENABLE_USER_SCRIPT_SANDBOXING = YES;
				GCC_C_LANGUAGE_STANDARD = gnu17;
				GCC_NO_COMMON_BLOCKS = YES;
				GCC_WARN_64_TO_32_BIT_CONVERSION = YES;
				GCC_WARN_ABOUT_RETURN_TYPE = YES_ERROR;
				GCC_WARN_UNDECLARED_SELECTOR = YES;
				GCC_WARN_UNINITIALIZED_AUTOS = YES_AGGRESSIVE;
				GCC_WARN_UNUSED_FUNCTION = YES;
				GCC_WARN_UNUSED_VARIABLE = YES;
				LOCALIZATION_PREFERS_STRING_CATALOGS = YES;
				MTL_ENABLE_DEBUG_INFO = NO;
				MTL_FAST_MATH = YES;
				SWIFT_COMPILATION_MODE = wholemodule;
			};
			name = Release;
		};
		94CD5A722BD2E82500B191D9 /* Debug */ = {
			isa = XCBuildConfiguration;
			buildSettings = {
				ASSETCATALOG_COMPILER_APPICON_NAME = AppIcon;
				ASSETCATALOG_COMPILER_GLOBAL_ACCENT_COLOR_NAME = AccentColor;
				CODE_SIGN_ENTITLEMENTS = "Trending repo/Trending_repo.entitlements";
				CODE_SIGN_STYLE = Automatic;
				CURRENT_PROJECT_VERSION = 1;
				DEVELOPMENT_ASSET_PATHS = "\"Trending repo/Preview Content\"";
				DEVELOPMENT_TEAM = 52N8G5AS47;
				ENABLE_HARDENED_RUNTIME = YES;
				ENABLE_PREVIEWS = YES;
				GENERATE_INFOPLIST_FILE = YES;
				"INFOPLIST_KEY_UIApplicationSceneManifest_Generation[sdk=iphoneos*]" = YES;
				"INFOPLIST_KEY_UIApplicationSceneManifest_Generation[sdk=iphonesimulator*]" = YES;
				"INFOPLIST_KEY_UIApplicationSupportsIndirectInputEvents[sdk=iphoneos*]" = YES;
				"INFOPLIST_KEY_UIApplicationSupportsIndirectInputEvents[sdk=iphonesimulator*]" = YES;
				"INFOPLIST_KEY_UILaunchScreen_Generation[sdk=iphoneos*]" = YES;
				"INFOPLIST_KEY_UILaunchScreen_Generation[sdk=iphonesimulator*]" = YES;
				"INFOPLIST_KEY_UIStatusBarStyle[sdk=iphoneos*]" = UIStatusBarStyleDefault;
				"INFOPLIST_KEY_UIStatusBarStyle[sdk=iphonesimulator*]" = UIStatusBarStyleDefault;
				INFOPLIST_KEY_UISupportedInterfaceOrientations_iPad = "UIInterfaceOrientationPortrait UIInterfaceOrientationPortraitUpsideDown UIInterfaceOrientationLandscapeLeft UIInterfaceOrientationLandscapeRight";
				INFOPLIST_KEY_UISupportedInterfaceOrientations_iPhone = "UIInterfaceOrientationPortrait UIInterfaceOrientationLandscapeLeft UIInterfaceOrientationLandscapeRight";
				IPHONEOS_DEPLOYMENT_TARGET = 17.4;
				LD_RUNPATH_SEARCH_PATHS = "@executable_path/Frameworks";
				"LD_RUNPATH_SEARCH_PATHS[sdk=macosx*]" = "@executable_path/../Frameworks";
				MACOSX_DEPLOYMENT_TARGET = 14.3;
				MARKETING_VERSION = 1.0;
				PRODUCT_BUNDLE_IDENTIFIER = "com.NewsAppSample.Trending-repo";
				PRODUCT_NAME = "$(TARGET_NAME)";
				SDKROOT = auto;
				SUPPORTED_PLATFORMS = "iphoneos iphonesimulator macosx";
				SWIFT_EMIT_LOC_STRINGS = YES;
				SWIFT_VERSION = 5.0;
				TARGETED_DEVICE_FAMILY = "1,2";
			};
			name = Debug;
		};
		94CD5A732BD2E82500B191D9 /* Release */ = {
			isa = XCBuildConfiguration;
			buildSettings = {
				ASSETCATALOG_COMPILER_APPICON_NAME = AppIcon;
				ASSETCATALOG_COMPILER_GLOBAL_ACCENT_COLOR_NAME = AccentColor;
				CODE_SIGN_ENTITLEMENTS = "Trending repo/Trending_repo.entitlements";
				CODE_SIGN_STYLE = Automatic;
				CURRENT_PROJECT_VERSION = 1;
				DEVELOPMENT_ASSET_PATHS = "\"Trending repo/Preview Content\"";
				DEVELOPMENT_TEAM = 52N8G5AS47;
				ENABLE_HARDENED_RUNTIME = YES;
				ENABLE_PREVIEWS = YES;
				GENERATE_INFOPLIST_FILE = YES;
				"INFOPLIST_KEY_UIApplicationSceneManifest_Generation[sdk=iphoneos*]" = YES;
				"INFOPLIST_KEY_UIApplicationSceneManifest_Generation[sdk=iphonesimulator*]" = YES;
				"INFOPLIST_KEY_UIApplicationSupportsIndirectInputEvents[sdk=iphoneos*]" = YES;
				"INFOPLIST_KEY_UIApplicationSupportsIndirectInputEvents[sdk=iphonesimulator*]" = YES;
				"INFOPLIST_KEY_UILaunchScreen_Generation[sdk=iphoneos*]" = YES;
				"INFOPLIST_KEY_UILaunchScreen_Generation[sdk=iphonesimulator*]" = YES;
				"INFOPLIST_KEY_UIStatusBarStyle[sdk=iphoneos*]" = UIStatusBarStyleDefault;
				"INFOPLIST_KEY_UIStatusBarStyle[sdk=iphonesimulator*]" = UIStatusBarStyleDefault;
				INFOPLIST_KEY_UISupportedInterfaceOrientations_iPad = "UIInterfaceOrientationPortrait UIInterfaceOrientationPortraitUpsideDown UIInterfaceOrientationLandscapeLeft UIInterfaceOrientationLandscapeRight";
				INFOPLIST_KEY_UISupportedInterfaceOrientations_iPhone = "UIInterfaceOrientationPortrait UIInterfaceOrientationLandscapeLeft UIInterfaceOrientationLandscapeRight";
				IPHONEOS_DEPLOYMENT_TARGET = 17.4;
				LD_RUNPATH_SEARCH_PATHS = "@executable_path/Frameworks";
				"LD_RUNPATH_SEARCH_PATHS[sdk=macosx*]" = "@executable_path/../Frameworks";
				MACOSX_DEPLOYMENT_TARGET = 14.3;
				MARKETING_VERSION = 1.0;
				PRODUCT_BUNDLE_IDENTIFIER = "com.NewsAppSample.Trending-repo";
				PRODUCT_NAME = "$(TARGET_NAME)";
				SDKROOT = auto;
				SUPPORTED_PLATFORMS = "iphoneos iphonesimulator macosx";
				SWIFT_EMIT_LOC_STRINGS = YES;
				SWIFT_VERSION = 5.0;
				TARGETED_DEVICE_FAMILY = "1,2";
			};
			name = Release;
		};
		94CD5A752BD2E82500B191D9 /* Debug */ = {
			isa = XCBuildConfiguration;
			buildSettings = {
				ALWAYS_EMBED_SWIFT_STANDARD_LIBRARIES = YES;
				BUNDLE_LOADER = "$(TEST_HOST)";
				CODE_SIGN_STYLE = Automatic;
				CURRENT_PROJECT_VERSION = 1;
				DEVELOPMENT_TEAM = 52N8G5AS47;
				GENERATE_INFOPLIST_FILE = YES;
				IPHONEOS_DEPLOYMENT_TARGET = 17.4;
				MACOSX_DEPLOYMENT_TARGET = 14.3;
				MARKETING_VERSION = 1.0;
				PRODUCT_BUNDLE_IDENTIFIER = "com.NewsAppSample.Trending-repoTests";
				PRODUCT_NAME = "$(TARGET_NAME)";
				SDKROOT = auto;
				SUPPORTED_PLATFORMS = "iphoneos iphonesimulator macosx";
				SWIFT_EMIT_LOC_STRINGS = NO;
				SWIFT_VERSION = 5.0;
				TARGETED_DEVICE_FAMILY = "1,2";
				TEST_HOST = "$(BUILT_PRODUCTS_DIR)/Trending repo.app/$(BUNDLE_EXECUTABLE_FOLDER_PATH)/Trending repo";
			};
			name = Debug;
		};
		94CD5A762BD2E82500B191D9 /* Release */ = {
			isa = XCBuildConfiguration;
			buildSettings = {
				ALWAYS_EMBED_SWIFT_STANDARD_LIBRARIES = YES;
				BUNDLE_LOADER = "$(TEST_HOST)";
				CODE_SIGN_STYLE = Automatic;
				CURRENT_PROJECT_VERSION = 1;
				DEVELOPMENT_TEAM = 52N8G5AS47;
				GENERATE_INFOPLIST_FILE = YES;
				IPHONEOS_DEPLOYMENT_TARGET = 17.4;
				MACOSX_DEPLOYMENT_TARGET = 14.3;
				MARKETING_VERSION = 1.0;
				PRODUCT_BUNDLE_IDENTIFIER = "com.NewsAppSample.Trending-repoTests";
				PRODUCT_NAME = "$(TARGET_NAME)";
				SDKROOT = auto;
				SUPPORTED_PLATFORMS = "iphoneos iphonesimulator macosx";
				SWIFT_EMIT_LOC_STRINGS = NO;
				SWIFT_VERSION = 5.0;
				TARGETED_DEVICE_FAMILY = "1,2";
				TEST_HOST = "$(BUILT_PRODUCTS_DIR)/Trending repo.app/$(BUNDLE_EXECUTABLE_FOLDER_PATH)/Trending repo";
			};
			name = Release;
		};
		94CD5A782BD2E82500B191D9 /* Debug */ = {
			isa = XCBuildConfiguration;
			buildSettings = {
				ALWAYS_EMBED_SWIFT_STANDARD_LIBRARIES = YES;
				CODE_SIGN_STYLE = Automatic;
				CURRENT_PROJECT_VERSION = 1;
				DEVELOPMENT_TEAM = 52N8G5AS47;
				GENERATE_INFOPLIST_FILE = YES;
				IPHONEOS_DEPLOYMENT_TARGET = 17.4;
				MACOSX_DEPLOYMENT_TARGET = 14.3;
				MARKETING_VERSION = 1.0;
				PRODUCT_BUNDLE_IDENTIFIER = "com.NewsAppSample.Trending-repoUITests";
				PRODUCT_NAME = "$(TARGET_NAME)";
				SDKROOT = auto;
				SUPPORTED_PLATFORMS = "iphoneos iphonesimulator macosx";
				SWIFT_EMIT_LOC_STRINGS = NO;
				SWIFT_VERSION = 5.0;
				TARGETED_DEVICE_FAMILY = "1,2";
				TEST_TARGET_NAME = "Trending repo";
			};
			name = Debug;
		};
		94CD5A792BD2E82500B191D9 /* Release */ = {
			isa = XCBuildConfiguration;
			buildSettings = {
				ALWAYS_EMBED_SWIFT_STANDARD_LIBRARIES = YES;
				CODE_SIGN_STYLE = Automatic;
				CURRENT_PROJECT_VERSION = 1;
				DEVELOPMENT_TEAM = 52N8G5AS47;
				GENERATE_INFOPLIST_FILE = YES;
				IPHONEOS_DEPLOYMENT_TARGET = 17.4;
				MACOSX_DEPLOYMENT_TARGET = 14.3;
				MARKETING_VERSION = 1.0;
				PRODUCT_BUNDLE_IDENTIFIER = "com.NewsAppSample.Trending-repoUITests";
				PRODUCT_NAME = "$(TARGET_NAME)";
				SDKROOT = auto;
				SUPPORTED_PLATFORMS = "iphoneos iphonesimulator macosx";
				SWIFT_EMIT_LOC_STRINGS = NO;
				SWIFT_VERSION = 5.0;
				TARGETED_DEVICE_FAMILY = "1,2";
				TEST_TARGET_NAME = "Trending repo";
			};
			name = Release;
		};
/* End XCBuildConfiguration section */

/* Begin XCConfigurationList section */
		94CD5A472BD2E82300B191D9 /* Build configuration list for PBXProject "Trending repo" */ = {
			isa = XCConfigurationList;
			buildConfigurations = (
				94CD5A6F2BD2E82500B191D9 /* Debug */,
				94CD5A702BD2E82500B191D9 /* Release */,
			);
			defaultConfigurationIsVisible = 0;
			defaultConfigurationName = Release;
		};
		94CD5A712BD2E82500B191D9 /* Build configuration list for PBXNativeTarget "Trending repo" */ = {
			isa = XCConfigurationList;
			buildConfigurations = (
				94CD5A722BD2E82500B191D9 /* Debug */,
				94CD5A732BD2E82500B191D9 /* Release */,
			);
			defaultConfigurationIsVisible = 0;
			defaultConfigurationName = Release;
		};
		94CD5A742BD2E82500B191D9 /* Build configuration list for PBXNativeTarget "Trending repoTests" */ = {
			isa = XCConfigurationList;
			buildConfigurations = (
				94CD5A752BD2E82500B191D9 /* Debug */,
				94CD5A762BD2E82500B191D9 /* Release */,
			);
			defaultConfigurationIsVisible = 0;
			defaultConfigurationName = Release;
		};
		94CD5A772BD2E82500B191D9 /* Build configuration list for PBXNativeTarget "Trending repoUITests" */ = {
			isa = XCConfigurationList;
			buildConfigurations = (
				94CD5A782BD2E82500B191D9 /* Debug */,
				94CD5A792BD2E82500B191D9 /* Release */,
			);
			defaultConfigurationIsVisible = 0;
			defaultConfigurationName = Release;
		};
/* End XCConfigurationList section */

/* Begin XCRemoteSwiftPackageReference section */
		94CD5A972BD726D900B191D9 /* XCRemoteSwiftPackageReference "SDWebImageSwiftUI" */ = {
			isa = XCRemoteSwiftPackageReference;
			repositoryURL = "https://github.com/SDWebImage/SDWebImageSwiftUI.git";
			requirement = {
				kind = upToNextMajorVersion;
				minimumVersion = 3.0.2;
			};
		};
/* End XCRemoteSwiftPackageReference section */

/* Begin XCSwiftPackageProductDependency section */
		94CD5A992BD726FA00B191D9 /* SDWebImageSwiftUI */ = {
			isa = XCSwiftPackageProductDependency;
			package = 94CD5A972BD726D900B191D9 /* XCRemoteSwiftPackageReference "SDWebImageSwiftUI" */;
			productName = SDWebImageSwiftUI;
		};
/* End XCSwiftPackageProductDependency section */
	};
	rootObject = 94CD5A442BD2E82300B191D9 /* Project object */;
}
